
Microsoft Visual Studio Solution File, Format Version 12.00
# Visual Studio Version 17
VisualStudioVersion = 17.14.36811.4
MinimumVisualStudioVersion = 10.0.40219.1
Project("{FAE04EC0-301F-11D3-BF4B-00C04F79EFBC}") = "Pr4PogosyanNikolaeva", "Pr4PogosyanNikolaeva\Pr4PogosyanNikolaeva.csproj", "{D8C89453-4AB8-4C80-A624-1B2B5CF88F61}"
EndProject
Project("{FAE04EC0-301F-11D3-BF4B-00C04F79EFBC}") = "CalcUnitTestProject", "Pr4PogosyanNikolaeva\CalcUnitTestProject\CalcUnitTestProject.csproj", "{FC9BFA5A-FEA6-41A6-A835-9BB938D10ECD}"
EndProject
Global
	GlobalSection(SolutionConfigurationPlatforms) = preSolution
		Debug|Any CPU = Debug|Any CPU
		Release|Any CPU = Release|Any CPU
	EndGlobalSection
	GlobalSection(ProjectConfigurationPlatforms) = postSolution
		{D8C89453-4AB8-4C80-A624-1B2B5CF88F61}.Debug|Any CPU.ActiveCfg = Debug|Any CPU
		{D8C89453-4AB8-4C80-A624-1B2B5CF88F61}.Debug|Any CPU.Build.0 = Debug|Any CPU
		{D8C89453-4AB8-4C80-A624-1B2B5CF88F61}.Release|Any CPU.ActiveCfg = Release|Any CPU
		{D8C89453-4AB8-4C80-A624-1B2B5CF88F61}.Release|Any CPU.Build.0 = Release|Any CPU
		{FC9BFA5A-FEA6-41A6-A835-9BB938D10ECD}.Debug|Any CPU.ActiveCfg = Debug|Any CPU
		{FC9BFA5A-FEA6-41A6-A835-9BB938D10ECD}.Debug|Any CPU.Build.0 = Debug|Any CPU
		{FC9BFA5A-FEA6-41A6-A835-9BB938D10ECD}.Release|Any CPU.ActiveCfg = Release|Any CPU
		{FC9BFA5A-FEA6-41A6-A835-9BB938D10ECD}.Release|Any CPU.Build.0 = Release|Any CPU
	EndGlobalSection
	GlobalSection(SolutionProperties) = preSolution
		HideSolutionNode = FALSE
	EndGlobalSection
	GlobalSection(ExtensibilityGlobals) = postSolution
		SolutionGuid = {98CA585E-5DCA-4E63-B71C-EA8798E1FBB8}
	EndGlobalSection
EndGlobal
